
Microsoft Visual Studio Solution File, Format Version 12.00
# Visual Studio Version 16
VisualStudioVersion = 16.0.28803.202
MinimumVisualStudioVersion = 10.0.40219.1
Project("{9A19103F-16F7-4668-BE54-9A1E7A4F7556}") = "himalWebAPI", "himalWebAPI\himalWebAPI.csproj", "{57A63F3B-C3DC-43A0-BFB3-393E0A8CEA3E}"
EndProject
Global
	GlobalSection(SolutionConfigurationPlatforms) = preSolution
		Debug|Any CPU = Debug|Any CPU
		Release|Any CPU = Release|Any CPU
	EndGlobalSection
	GlobalSection(ProjectConfigurationPlatforms) = postSolution
		{57A63F3B-C3DC-43A0-BFB3-393E0A8CEA3E}.Debug|Any CPU.ActiveCfg = Debug|Any CPU
		{57A63F3B-C3DC-43A0-BFB3-393E0A8CEA3E}.Debug|Any CPU.Build.0 = Debug|Any CPU
		{57A63F3B-C3DC-43A0-BFB3-393E0A8CEA3E}.Release|Any CPU.ActiveCfg = Release|Any CPU
		{57A63F3B-C3DC-43A0-BFB3-393E0A8CEA3E}.Release|Any CPU.Build.0 = Release|Any CPU
	EndGlobalSection
	GlobalSection(SolutionProperties) = preSolution
		HideSolutionNode = FALSE
	EndGlobalSection
	GlobalSection(ExtensibilityGlobals) = postSolution
		SolutionGuid = {BA2982FB-9842-49E6-AD89-D57F82990557}
	EndGlobalSection
EndGlobal
